
Microsoft Visual Studio Solution File, Format Version 12.00
# Visual Studio 15
VisualStudioVersion = 15.0.26124.0
MinimumVisualStudioVersion = 15.0.26124.0
Project("{F2A71F9B-5D33-465A-A702-920D77279786}") = "Decoder", "Decoder\Decoder.fsproj", "{A188DE5E-A82A-405B-B598-AEAE9B22CC9A}"
EndProject
Project("{F2A71F9B-5D33-465A-A702-920D77279786}") = "HttpReceiver", "HttpReceiver\HttpReceiver.fsproj", "{E8D02030-98FE-4B4B-8E89-E58BB15B2417}"
EndProject
Project("{F2A71F9B-5D33-465A-A702-920D77279786}") = "KlsnReceiver", "KlsnReceiver\KlsnReceiver.fsproj", "{6ED724BE-D80D-4281-B543-8C787F3F94CF}"
EndProject
Project("{FAE04EC0-301F-11D3-BF4B-00C04F79EFBC}") = "Sodium.Core", "libsodium-core\src\Sodium.Core\Sodium.Core.csproj", "{8E321C33-F605-4BE9-9136-8D66EA497653}"
EndProject
Project("{2150E333-8FDC-42A3-9474-1A3956D46DE8}") = "KiotlogDBF", "KiotlogDBF", "{7B77E1FF-96BB-4012-93CE-587CFF2FEDC9}"
EndProject
Project("{F2A71F9B-5D33-465A-A702-920D77279786}") = "KiotlogDBF", "KiotlogDBF\KiotlogDBF\KiotlogDBF.fsproj", "{391FA68B-3F3F-4A9C-AB5F-1387E6C6697B}"
EndProject
Global
	GlobalSection(SolutionConfigurationPlatforms) = preSolution
		Debug|Any CPU = Debug|Any CPU
		Debug|x64 = Debug|x64
		Debug|x86 = Debug|x86
		Release|Any CPU = Release|Any CPU
		Release|x64 = Release|x64
		Release|x86 = Release|x86
	EndGlobalSection
	GlobalSection(SolutionProperties) = preSolution
		HideSolutionNode = FALSE
	EndGlobalSection
	GlobalSection(ProjectConfigurationPlatforms) = postSolution
		{A188DE5E-A82A-405B-B598-AEAE9B22CC9A}.Debug|Any CPU.ActiveCfg = Debug|Any CPU
		{A188DE5E-A82A-405B-B598-AEAE9B22CC9A}.Debug|Any CPU.Build.0 = Debug|Any CPU
		{A188DE5E-A82A-405B-B598-AEAE9B22CC9A}.Debug|x64.ActiveCfg = Debug|x64
		{A188DE5E-A82A-405B-B598-AEAE9B22CC9A}.Debug|x64.Build.0 = Debug|x64
		{A188DE5E-A82A-405B-B598-AEAE9B22CC9A}.Debug|x86.ActiveCfg = Debug|x86
		{A188DE5E-A82A-405B-B598-AEAE9B22CC9A}.Debug|x86.Build.0 = Debug|x86
		{A188DE5E-A82A-405B-B598-AEAE9B22CC9A}.Release|Any CPU.ActiveCfg = Release|Any CPU
		{A188DE5E-A82A-405B-B598-AEAE9B22CC9A}.Release|Any CPU.Build.0 = Release|Any CPU
		{A188DE5E-A82A-405B-B598-AEAE9B22CC9A}.Release|x64.ActiveCfg = Release|x64
		{A188DE5E-A82A-405B-B598-AEAE9B22CC9A}.Release|x64.Build.0 = Release|x64
		{A188DE5E-A82A-405B-B598-AEAE9B22CC9A}.Release|x86.ActiveCfg = Release|x86
		{A188DE5E-A82A-405B-B598-AEAE9B22CC9A}.Release|x86.Build.0 = Release|x86
		{E8D02030-98FE-4B4B-8E89-E58BB15B2417}.Debug|Any CPU.ActiveCfg = Debug|Any CPU
		{E8D02030-98FE-4B4B-8E89-E58BB15B2417}.Debug|Any CPU.Build.0 = Debug|Any CPU
		{E8D02030-98FE-4B4B-8E89-E58BB15B2417}.Debug|x64.ActiveCfg = Debug|x64
		{E8D02030-98FE-4B4B-8E89-E58BB15B2417}.Debug|x64.Build.0 = Debug|x64
		{E8D02030-98FE-4B4B-8E89-E58BB15B2417}.Debug|x86.ActiveCfg = Debug|x86
		{E8D02030-98FE-4B4B-8E89-E58BB15B2417}.Debug|x86.Build.0 = Debug|x86
		{E8D02030-98FE-4B4B-8E89-E58BB15B2417}.Release|Any CPU.ActiveCfg = Release|Any CPU
		{E8D02030-98FE-4B4B-8E89-E58BB15B2417}.Release|Any CPU.Build.0 = Release|Any CPU
		{E8D02030-98FE-4B4B-8E89-E58BB15B2417}.Release|x64.ActiveCfg = Release|x64
		{E8D02030-98FE-4B4B-8E89-E58BB15B2417}.Release|x64.Build.0 = Release|x64
		{E8D02030-98FE-4B4B-8E89-E58BB15B2417}.Release|x86.ActiveCfg = Release|x86
		{E8D02030-98FE-4B4B-8E89-E58BB15B2417}.Release|x86.Build.0 = Release|x86
		{6ED724BE-D80D-4281-B543-8C787F3F94CF}.Debug|Any CPU.ActiveCfg = Debug|Any CPU
		{6ED724BE-D80D-4281-B543-8C787F3F94CF}.Debug|Any CPU.Build.0 = Debug|Any CPU
		{6ED724BE-D80D-4281-B543-8C787F3F94CF}.Debug|x64.ActiveCfg = Debug|x64
		{6ED724BE-D80D-4281-B543-8C787F3F94CF}.Debug|x64.Build.0 = Debug|x64
		{6ED724BE-D80D-4281-B543-8C787F3F94CF}.Debug|x86.ActiveCfg = Debug|x86
		{6ED724BE-D80D-4281-B543-8C787F3F94CF}.Debug|x86.Build.0 = Debug|x86
		{6ED724BE-D80D-4281-B543-8C787F3F94CF}.Release|Any CPU.ActiveCfg = Release|Any CPU
		{6ED724BE-D80D-4281-B543-8C787F3F94CF}.Release|Any CPU.Build.0 = Release|Any CPU
		{6ED724BE-D80D-4281-B543-8C787F3F94CF}.Release|x64.ActiveCfg = Release|x64
		{6ED724BE-D80D-4281-B543-8C787F3F94CF}.Release|x64.Build.0 = Release|x64
		{6ED724BE-D80D-4281-B543-8C787F3F94CF}.Release|x86.ActiveCfg = Release|x86
		{6ED724BE-D80D-4281-B543-8C787F3F94CF}.Release|x86.Build.0 = Release|x86
		{8E321C33-F605-4BE9-9136-8D66EA497653}.Debug|Any CPU.ActiveCfg = Debug|Any CPU
		{8E321C33-F605-4BE9-9136-8D66EA497653}.Debug|Any CPU.Build.0 = Debug|Any CPU
		{8E321C33-F605-4BE9-9136-8D66EA497653}.Debug|x64.ActiveCfg = Debug|Any CPU
		{8E321C33-F605-4BE9-9136-8D66EA497653}.Debug|x64.Build.0 = Debug|Any CPU
		{8E321C33-F605-4BE9-9136-8D66EA497653}.Debug|x86.ActiveCfg = Debug|Any CPU
		{8E321C33-F605-4BE9-9136-8D66EA497653}.Debug|x86.Build.0 = Debug|Any CPU
		{8E321C33-F605-4BE9-9136-8D66EA497653}.Release|Any CPU.ActiveCfg = Release|Any CPU
		{8E321C33-F605-4BE9-9136-8D66EA497653}.Release|Any CPU.Build.0 = Release|Any CPU
		{8E321C33-F605-4BE9-9136-8D66EA497653}.Release|x64.ActiveCfg = Release|Any CPU
		{8E321C33-F605-4BE9-9136-8D66EA497653}.Release|x64.Build.0 = Release|Any CPU
		{8E321C33-F605-4BE9-9136-8D66EA497653}.Release|x86.ActiveCfg = Release|Any CPU
		{8E321C33-F605-4BE9-9136-8D66EA497653}.Release|x86.Build.0 = Release|Any CPU
		{391FA68B-3F3F-4A9C-AB5F-1387E6C6697B}.Debug|Any CPU.ActiveCfg = Debug|Any CPU
		{391FA68B-3F3F-4A9C-AB5F-1387E6C6697B}.Debug|Any CPU.Build.0 = Debug|Any CPU
		{391FA68B-3F3F-4A9C-AB5F-1387E6C6697B}.Debug|x64.ActiveCfg = Debug|x64
		{391FA68B-3F3F-4A9C-AB5F-1387E6C6697B}.Debug|x64.Build.0 = Debug|x64
		{391FA68B-3F3F-4A9C-AB5F-1387E6C6697B}.Debug|x86.ActiveCfg = Debug|x86
		{391FA68B-3F3F-4A9C-AB5F-1387E6C6697B}.Debug|x86.Build.0 = Debug|x86
		{391FA68B-3F3F-4A9C-AB5F-1387E6C6697B}.Release|Any CPU.ActiveCfg = Release|Any CPU
		{391FA68B-3F3F-4A9C-AB5F-1387E6C6697B}.Release|Any CPU.Build.0 = Release|Any CPU
		{391FA68B-3F3F-4A9C-AB5F-1387E6C6697B}.Release|x64.ActiveCfg = Release|x64
		{391FA68B-3F3F-4A9C-AB5F-1387E6C6697B}.Release|x64.Build.0 = Release|x64
		{391FA68B-3F3F-4A9C-AB5F-1387E6C6697B}.Release|x86.ActiveCfg = Release|x86
		{391FA68B-3F3F-4A9C-AB5F-1387E6C6697B}.Release|x86.Build.0 = Release|x86
	EndGlobalSection
	GlobalSection(NestedProjects) = preSolution
		{391FA68B-3F3F-4A9C-AB5F-1387E6C6697B} = {7B77E1FF-96BB-4012-93CE-587CFF2FEDC9}
	EndGlobalSection
EndGlobal
